Microsoft Visual Studio Solution File, Format Version 12.00
# Visual Studio Version 17
VisualStudioVersion = 17.14.36811.4
MinimumVisualStudioVersion = 10.0.40219.1
Project("{FAE04EC0-301F-11D3-BF4B-00C04F79EFBC}") = "QuanLyBanHang", "QuanLyBanHang\QuanLyBanHang.csproj", "{BE526408-D3F6-4814-8336-75FCE69DE89C}"
EndProject
Global
	GlobalSection(SolutionConfigurationPlatforms) = preSolution
		Debug|Any CPU = Debug|Any CPU
		Release|Any CPU = Release|Any CPU
	EndGlobalSection
	GlobalSection(ProjectConfigurationPlatforms) = postSolution
		{BE526408-D3F6-4814-8336-75FCE69DE89C}.Debug|Any CPU.ActiveCfg = Debug|Any CPU
		{BE526408-D3F6-4814-8336-75FCE69DE89C}.Debug|Any CPU.Build.0 = Debug|Any CPU
		{BE526408-D3F6-4814-8336-75FCE69DE89C}.Release|Any CPU.ActiveCfg = Release|Any CPU
		{BE526408-D3F6-4814-8336-75FCE69DE89C}.Release|Any CPU.Build.0 = Release|Any CPU
	EndGlobalSection
	GlobalSection(SolutionProperties) = preSolution
		HideSolutionNode = FALSE
	EndGlobalSection
	GlobalSection(ExtensibilityGlobals) = postSolution
		SolutionGuid = {B057D59C-8C06-4F68-9AC7-FC00250359ED}
	EndGlobalSection
EndGlobal
